Microsoft Visual Studio Solution File, Format Version 12.00
# Visual Studio Version 17
VisualStudioVersion = 17.5.2.0
MinimumVisualStudioVersion = 10.0.40219.1
Project("{FAE04EC0-301F-11D3-BF4B-00C04F79EFBC}") = "SimpletonProject", "SimpletonProject.csproj", "{7811AF3B-1E41-EE9C-39D4-77FC708944B1}"
EndProject
Global
	GlobalSection(SolutionConfigurationPlatforms) = preSolution
		Debug|Any CPU = Debug|Any CPU
		Release|Any CPU = Release|Any CPU
	EndGlobalSection
	GlobalSection(ProjectConfigurationPlatforms) = postSolution
		{7811AF3B-1E41-EE9C-39D4-77FC708944B1}.Debug|Any CPU.ActiveCfg = Debug|Any CPU
		{7811AF3B-1E41-EE9C-39D4-77FC708944B1}.Debug|Any CPU.Build.0 = Debug|Any CPU
		{7811AF3B-1E41-EE9C-39D4-77FC708944B1}.Release|Any CPU.ActiveCfg = Release|Any CPU
		{7811AF3B-1E41-EE9C-39D4-77FC708944B1}.Release|Any CPU.Build.0 = Release|Any CPU
	EndGlobalSection
	GlobalSection(SolutionProperties) = preSolution
		HideSolutionNode = FALSE
	EndGlobalSection
	GlobalSection(ExtensibilityGlobals) = postSolution
		SolutionGuid = {EEF4A456-9A89-48D6-BC4A-A9DADC72BF23}
	EndGlobalSection
EndGlobal
