Microsoft Visual Studio Solution File, Format Version 12.00
# Visual Studio Version 17
VisualStudioVersion = 17.5.2.0
MinimumVisualStudioVersion = 10.0.40219.1
Project("{FAE04EC0-301F-11D3-BF4B-00C04F79EFBC}") = "Cool_UI_Zoom", "Cool_UI_Zoom.csproj", "{A40BA3E6-B8D8-811B-CDA3-A02A435EAB39}"
EndProject
Global
	GlobalSection(SolutionConfigurationPlatforms) = preSolution
		Debug|Any CPU = Debug|Any CPU
		Release|Any CPU = Release|Any CPU
	EndGlobalSection
	GlobalSection(ProjectConfigurationPlatforms) = postSolution
		{A40BA3E6-B8D8-811B-CDA3-A02A435EAB39}.Debug|Any CPU.ActiveCfg = Debug|Any CPU
		{A40BA3E6-B8D8-811B-CDA3-A02A435EAB39}.Debug|Any CPU.Build.0 = Debug|Any CPU
		{A40BA3E6-B8D8-811B-CDA3-A02A435EAB39}.Release|Any CPU.ActiveCfg = Release|Any CPU
		{A40BA3E6-B8D8-811B-CDA3-A02A435EAB39}.Release|Any CPU.Build.0 = Release|Any CPU
	EndGlobalSection
	GlobalSection(SolutionProperties) = preSolution
		HideSolutionNode = FALSE
	EndGlobalSection
	GlobalSection(ExtensibilityGlobals) = postSolution
		SolutionGuid = {F5ADC67A-8C7E-4BE1-B0D8-B4458588F32A}
	EndGlobalSection
EndGlobal
