Microsoft Visual Studio Solution File, Format Version 12.00
# Visual Studio Version 17
VisualStudioVersion = 17.5.2.0
MinimumVisualStudioVersion = 10.0.40219.1
Project("{FAE04EC0-301F-11D3-BF4B-00C04F79EFBC}") = "MementoGame", "MementoGame.csproj", "{3DF569A7-16FF-7A5B-4D2D-6AC0A1BA09AA}"
EndProject
Global
	GlobalSection(SolutionConfigurationPlatforms) = preSolution
		Debug|Any CPU = Debug|Any CPU
		Release|Any CPU = Release|Any CPU
	EndGlobalSection
	GlobalSection(ProjectConfigurationPlatforms) = postSolution
		{3DF569A7-16FF-7A5B-4D2D-6AC0A1BA09AA}.Debug|Any CPU.ActiveCfg = Debug|Any CPU
		{3DF569A7-16FF-7A5B-4D2D-6AC0A1BA09AA}.Debug|Any CPU.Build.0 = Debug|Any CPU
		{3DF569A7-16FF-7A5B-4D2D-6AC0A1BA09AA}.Release|Any CPU.ActiveCfg = Release|Any CPU
		{3DF569A7-16FF-7A5B-4D2D-6AC0A1BA09AA}.Release|Any CPU.Build.0 = Release|Any CPU
	EndGlobalSection
	GlobalSection(SolutionProperties) = preSolution
		HideSolutionNode = FALSE
	EndGlobalSection
	GlobalSection(ExtensibilityGlobals) = postSolution
		SolutionGuid = {5F50E3AA-288E-4496-9EFD-0C586D73D538}
	EndGlobalSection
EndGlobal
